
Microsoft Visual Studio Solution File, Format Version 12.00
# Visual Studio Version 17
VisualStudioVersion = 17.8.34525.116
MinimumVisualStudioVersion = 10.0.40219.1
Project("{FAE04EC0-301F-11D3-BF4B-00C04F79EFBC}") = "WeatherAPI", "WeatherAPI\WeatherAPI.csproj", "{2C8EC8CC-E21F-4BB0-ADD9-D3C69FE4F0D1}"
EndProject
Global
	GlobalSection(SolutionConfigurationPlatforms) = preSolution
		Debug|Any CPU = Debug|Any CPU
		Release|Any CPU = Release|Any CPU
	EndGlobalSection
	GlobalSection(ProjectConfigurationPlatforms) = postSolution
		{2C8EC8CC-E21F-4BB0-ADD9-D3C69FE4F0D1}.Debug|Any CPU.ActiveCfg = Debug|Any CPU
		{2C8EC8CC-E21F-4BB0-ADD9-D3C69FE4F0D1}.Debug|Any CPU.Build.0 = Debug|Any CPU
		{2C8EC8CC-E21F-4BB0-ADD9-D3C69FE4F0D1}.Release|Any CPU.ActiveCfg = Release|Any CPU
		{2C8EC8CC-E21F-4BB0-ADD9-D3C69FE4F0D1}.Release|Any CPU.Build.0 = Release|Any CPU
	EndGlobalSection
	GlobalSection(SolutionProperties) = preSolution
		HideSolutionNode = FALSE
	EndGlobalSection
	GlobalSection(ExtensibilityGlobals) = postSolution
		SolutionGuid = {21474590-3E9C-451F-BC02-579112E490A0}
	EndGlobalSection
EndGlobal
